
Microsoft Visual Studio Solution File, Format Version 12.00
# Visual Studio Version 16
VisualStudioVersion = 16.0.32106.194
MinimumVisualStudioVersion = 10.0.40219.1
Project("{FAE04EC0-301F-11D3-BF4B-00C04F79EFBC}") = "HackerRankOneWeekPreparationKit", "HackerRankOneWeekPreparationKit\HackerRankOneWeekPreparationKit.csproj", "{6AFF6F83-2871-40BF-9E9A-77681C41EF8D}"
EndProject
Global
	GlobalSection(SolutionConfigurationPlatforms) = preSolution
		Debug|Any CPU = Debug|Any CPU
		Release|Any CPU = Release|Any CPU
	EndGlobalSection
	GlobalSection(ProjectConfigurationPlatforms) = postSolution
		{6AFF6F83-2871-40BF-9E9A-77681C41EF8D}.Debug|Any CPU.ActiveCfg = Debug|Any CPU
		{6AFF6F83-2871-40BF-9E9A-77681C41EF8D}.Debug|Any CPU.Build.0 = Debug|Any CPU
		{6AFF6F83-2871-40BF-9E9A-77681C41EF8D}.Release|Any CPU.ActiveCfg = Release|Any CPU
		{6AFF6F83-2871-40BF-9E9A-77681C41EF8D}.Release|Any CPU.Build.0 = Release|Any CPU
	EndGlobalSection
	GlobalSection(SolutionProperties) = preSolution
		HideSolutionNode = FALSE
	EndGlobalSection
	GlobalSection(ExtensibilityGlobals) = postSolution
		SolutionGuid = {5C09722A-35F7-4BC4-BF44-E2CEE94354B1}
	EndGlobalSection
EndGlobal
